{
  "name": "163-music-demo",
  "version": "1.0.0",
  "lockfileVersion": 1,
  "requires": true,
  "dependencies": {
    "content-type": {
      "version": "1.0.4",
      "resolved": "http://registry.npm.taobao.org/content-type/download/content-type-1.0.4.tgz"
    },
    "default-user-agent": {
      "version": "1.0.0",
      "resolved": "http://registry.npm.taobao.org/default-user-agent/download/default-user-agent-1.0.0.tgz",
      "requires": {
        "os-name": "1.0.3"
      },
      "dependencies": {
        "minimist": {
          "version": "1.2.0",
          "resolved": "http://registry.npm.taobao.org/minimist/download/minimist-1.2.0.tgz",
          "integrity": "sha1-o1AIsg9BOD7sH7kU9M1d95omQoQ="
        },
        "os-name": {
          "version": "1.0.3",
          "resolved": "http://registry.npm.taobao.org/os-name/download/os-name-1.0.3.tgz",
          "integrity": "sha1-GzefZINa98Wn9JizV8uVIVwVnt8=",
          "requires": {
            "osx-release": "1.1.0",
            "win-release": "1.1.1"
          }
        },
        "osx-release": {
          "version": "1.1.0",
          "resolved": "http://registry.npm.taobao.org/osx-release/download/osx-release-1.1.0.tgz",
          "integrity": "sha1-8heRGigTaUmvG/kwiyQeJzfTzWw=",
          "requires": {
            "minimist": "1.2.0"
          }
        },
        "semver": {
          "version": "5.5.0",
          "resolved": "http://registry.npm.taobao.org/semver/download/semver-5.5.0.tgz",
          "integrity": "sha1-3Eu8emyp2Rbe5dQ1FvAJK1j3uKs="
        },
        "win-release": {
          "version": "1.1.1",
          "resolved": "http://registry.npm.taobao.org/win-release/download/win-release-1.1.1.tgz",
          "integrity": "sha1-X6VeAr58qTTt/BJmVjLoSbcuUgk=",
          "requires": {
            "semver": "5.5.0"
          }
        }
      }
    },
    "digest-header": {
      "version": "0.0.1",
      "resolved": "http://registry.npm.taobao.org/digest-header/download/digest-header-0.0.1.tgz",
      "requires": {
        "utility": "0.1.11"
      },
      "dependencies": {
        "address": {
          "version": "1.0.3",
          "resolved": "http://registry.npm.taobao.org/address/download/address-1.0.3.tgz",
          "integrity": "sha1-tfUGMfjWzsi9IMljljr7VeBsvOk="
        },
        "utility": {
          "version": "0.1.11",
          "resolved": "http://registry.npm.taobao.org/utility/download/utility-0.1.11.tgz",
          "integrity": "sha1-/eYM+bTkdRlHoM9dEEzik2ciZxU=",
          "requires": {
            "address": "1.0.3"
          }
        }
      }
    },
    "ee-first": {
      "version": "1.1.1",
      "resolved": "http://registry.npm.taobao.org/ee-first/download/ee-first-1.1.1.tgz"
    },
    "encodeurl": {
      "version": "1.0.2",
      "resolved": "http://registry.npm.taobao.org/encodeurl/download/encodeurl-1.0.2.tgz"
    },
    "formstream": {
      "version": "1.1.0",
      "resolved": "http://registry.npm.taobao.org/formstream/download/formstream-1.1.0.tgz",
      "dependencies": {
        "destroy": {
          "version": "http://registry.npm.taobao.org/destroy/download/destroy-1.0.4.tgz",
          "bundled": true
        },
        "mime": {
          "version": "http://registry.npm.taobao.org/mime/download/mime-1.6.0.tgz",
          "bundled": true
        },
        "pause-stream": {
          "version": "http://registry.npm.taobao.org/pause-stream/download/pause-stream-0.0.11.tgz",
          "bundled": true
        }
      }
    },
    "iconv-lite": {
      "version": "0.4.19",
      "resolved": "http://registry.npm.taobao.org/iconv-lite/download/iconv-lite-0.4.19.tgz"
    },
    "leancloud-storage": {
      "version": "3.6.0",
      "resolved": "http://registry.npm.taobao.org/leancloud-storage/download/leancloud-storage-3.6.0.tgz",
      "dependencies": {
        "debug": {
          "version": "http://registry.npm.taobao.org/debug/download/debug-3.1.0.tgz",
          "bundled": true,
          "dependencies": {
            "ms": {
              "version": "http://registry.npm.taobao.org/ms/download/ms-2.0.0.tgz"
            }
          }
        },
        "es6-promise": {
          "version": "http://registry.npm.taobao.org/es6-promise/download/es6-promise-4.2.4.tgz",
          "bundled": true
        },
        "eventemitter3": {
          "version": "http://registry.npm.taobao.org/eventemitter3/download/eventemitter3-2.0.3.tgz",
          "bundled": true
        },
        "leancloud-realtime": {
          "version": "http://registry.npm.taobao.org/leancloud-realtime/download/leancloud-realtime-4.0.0-beta.4.tgz",
          "bundled": true,
          "dependencies": {
            "axios": {
              "version": "http://registry.npm.taobao.org/axios/download/axios-0.17.1.tgz"
            },
            "babel-runtime": {
              "version": "http://registry.npm.taobao.org/babel-runtime/download/babel-runtime-6.26.0.tgz",
              "dependencies": {
                "core-js": {
                  "version": "http://registry.npm.taobao.org/core-js/download/core-js-2.5.3.tgz"
                },
                "regenerator-runtime": {
                  "version": "http://registry.npm.taobao.org/regenerator-runtime/download/regenerator-runtime-0.11.1.tgz"
                }
              }
            },
            "base64-arraybuffer": {
              "version": "http://registry.npm.taobao.org/base64-arraybuffer/download/base64-arraybuffer-0.1.5.tgz"
            },
            "debug": {
              "version": "http://registry.npm.taobao.org/debug/download/debug-3.1.0.tgz"
            },
            "eventemitter3": {
              "version": "http://registry.npm.taobao.org/eventemitter3/download/eventemitter3-3.0.1.tgz"
            },
            "javascript-state-machine": {
              "version": "http://registry.npm.taobao.org/javascript-state-machine/download/javascript-state-machine-2.4.0.tgz"
            },
            "lodash": {
              "version": "http://registry.npm.taobao.org/lodash/download/lodash-4.17.5.tgz"
            },
            "protobufjs": {
              "version": "http://registry.npm.taobao.org/protobufjs/download/protobufjs-5.0.2.tgz"
            },
            "uuid": {
              "version": "http://registry.npm.taobao.org/uuid/download/uuid-3.2.1.tgz"
            },
            "ws": {
              "version": "http://registry.npm.taobao.org/ws/download/ws-4.1.0.tgz"
            }
          }
        },
        "leancloud-realtime-plugin-live-query": {
          "version": "http://registry.npm.taobao.org/leancloud-realtime-plugin-live-query/download/leancloud-realtime-plugin-live-query-1.1.0.tgz",
          "bundled": true
        },
        "localstorage-memory": {
          "version": "http://registry.npm.taobao.org/localstorage-memory/download/localstorage-memory-1.0.2.tgz",
          "bundled": true
        },
        "md5": {
          "version": "http://registry.npm.taobao.org/md5/download/md5-2.2.1.tgz",
          "bundled": true
        },
        "superagent": {
          "version": "http://registry.npm.taobao.org/superagent/download/superagent-3.8.2.tgz",
          "bundled": true
        },
        "underscore": {
          "version": "http://registry.npm.taobao.org/underscore/download/underscore-1.8.3.tgz",
          "bundled": true
        }
      }
    },
    "plupload": {
      "version": "2.3.6",
      "resolved": "http://registry.npm.taobao.org/plupload/download/plupload-2.3.6.tgz",
      "integrity": "sha1-Jgis9zXV6NuDJIck142BdXu0OGY="
    },
    "qiniu": {
      "version": "7.1.3",
      "resolved": "http://registry.npm.taobao.org/qiniu/download/qiniu-7.1.3.tgz",
      "integrity": "sha1-Zk2FDSvmndSMEldV2O1XTUh/kzI=",
      "requires": {
        "agentkeepalive": "3.3.0",
        "crc32": "0.2.2",
        "encodeurl": "1.0.2",
        "formstream": "1.1.0",
        "mime": "1.3.6",
        "tunnel-agent": "0.6.0",
        "urllib": "2.22.0"
      },
      "dependencies": {
        "agentkeepalive": {
          "version": "3.3.0",
          "resolved": "http://registry.npm.taobao.org/agentkeepalive/download/agentkeepalive-3.3.0.tgz",
          "integrity": "sha1-bV3lgpr9O+JxIgGjknX9EcZRhXw=",
          "requires": {
            "humanize-ms": "1.2.1"
          }
        },
        "any-promise": {
          "version": "1.3.0",
          "resolved": "http://registry.npm.taobao.org/any-promise/download/any-promise-1.3.0.tgz",
          "integrity": "sha1-q8av7tzqUugJzcA3au0845Y10X8="
        },
        "crc32": {
          "version": "0.2.2",
          "resolved": "http://registry.npm.taobao.org/crc32/download/crc32-0.2.2.tgz",
          "integrity": "sha1-etIg1v/c0Rn5/BJ6d3LKzqOQpLo="
        },
        "debug": {
          "version": "2.6.9",
          "resolved": "http://registry.npm.taobao.org/debug/download/debug-2.6.9.tgz",
          "integrity": "sha1-XRKFFd8TT/Mn6QpMk/Tgd6U2NB8=",
          "requires": {
            "ms": "2.0.0"
          },
          "dependencies": {
            "ms": {
              "version": "2.0.0",
              "resolved": "http://registry.npm.taobao.org/ms/download/ms-2.0.0.tgz",
              "integrity": "sha1-VgiurfwAvmwpAd9fmGF4jeDVl8g="
            }
          }
        },
        "humanize-ms": {
          "version": "1.2.1",
          "resolved": "http://registry.npm.taobao.org/humanize-ms/download/humanize-ms-1.2.1.tgz",
          "integrity": "sha1-xG4xWaKT9riW2ikxbYtv6Lt5u+0=",
          "requires": {
            "ms": "2.1.1"
          }
        },
        "mime": {
          "version": "1.3.6",
          "resolved": "http://registry.npm.taobao.org/mime/download/mime-1.3.6.tgz",
          "integrity": "sha1-WR2E02U6awtKO5343lqoEI5y5eA="
        },
        "ms": {
          "version": "2.1.1",
          "resolved": "http://registry.npm.taobao.org/ms/download/ms-2.1.1.tgz",
          "integrity": "sha1-MKWGTrPrsKZvLr5tcnrwagnYbgo="
        },
        "statuses": {
          "version": "1.4.0",
          "resolved": "http://registry.npm.taobao.org/statuses/download/statuses-1.4.0.tgz",
          "integrity": "sha1-u3PURtonlhBu/MG2AaJT1sRr0Ic="
        },
        "urllib": {
          "version": "2.22.0",
          "resolved": "http://registry.npm.taobao.org/urllib/download/urllib-2.22.0.tgz",
          "integrity": "sha1-KWXcSuEnpvtpW32yfTGE8X2Cy0I=",
          "requires": {
            "any-promise": "1.3.0",
            "content-type": "1.0.4",
            "debug": "2.6.9",
            "default-user-agent": "1.0.0",
            "digest-header": "0.0.1",
            "ee-first": "1.1.1",
            "humanize-ms": "1.2.1",
            "iconv-lite": "0.4.19",
            "qs": "6.5.1",
            "statuses": "1.4.0"
          }
        }
      }
    },
    "qiniu-js": {
      "version": "1.0.24",
      "resolved": "http://registry.npm.taobao.org/qiniu-js/download/qiniu-js-1.0.24.tgz",
      "integrity": "sha1-doJrTZMCHeTpuSnCf3sISie26Vw="
    },
    "qs": {
      "version": "6.5.1",
      "resolved": "http://registry.npm.taobao.org/qs/download/qs-6.5.1.tgz"
    },
    "safe-buffer": {
      "version": "5.1.1",
      "resolved": "http://registry.npm.taobao.org/safe-buffer/download/safe-buffer-5.1.1.tgz"
    },
    "tunnel-agent": {
      "version": "0.6.0",
      "resolved": "http://registry.npm.taobao.org/tunnel-agent/download/tunnel-agent-0.6.0.tgz",
      "requires": {
        "safe-buffer": "5.1.1"
      },
      "dependencies": {
        "safe-buffer": {
          "version": "http://registry.npm.taobao.org/safe-buffer/download/safe-buffer-5.1.1.tgz",
          "bundled": true
        }
      }
    }
  }
}
